
Microsoft Visual Studio Solution File, Format Version 12.00
# Visual Studio Version 16
VisualStudioVersion = 16.0.29609.76
MinimumVisualStudioVersion = 10.0.40219.1
Project("{888888A0-9F3D-457C-B088-3A5042F75D52}") = "Photo Albom - Itay Shachar", "Photo Albom - Itay Shachar\Photo Albom - Itay Shachar.pyproj", "{E8FC3472-5908-4B9F-BE62-338A2BD5DCE7}"
EndProject
Global
	GlobalSection(SolutionConfigurationPlatforms) = preSolution
		Debug|Any CPU = Debug|Any CPU
		Release|Any CPU = Release|Any CPU
	EndGlobalSection
	GlobalSection(ProjectConfigurationPlatforms) = postSolution
		{E8FC3472-5908-4B9F-BE62-338A2BD5DCE7}.Debug|Any CPU.ActiveCfg = Debug|Any CPU
		{E8FC3472-5908-4B9F-BE62-338A2BD5DCE7}.Debug|Any CPU.Build.0 = Debug|Any CPU
		{E8FC3472-5908-4B9F-BE62-338A2BD5DCE7}.Release|Any CPU.ActiveCfg = Release|Any CPU
		{E8FC3472-5908-4B9F-BE62-338A2BD5DCE7}.Release|Any CPU.Build.0 = Release|Any CPU
	EndGlobalSection
	GlobalSection(SolutionProperties) = preSolution
		HideSolutionNode = FALSE
	EndGlobalSection
	GlobalSection(ExtensibilityGlobals) = postSolution
		SolutionGuid = {25719F77-88E6-45D0-8A7D-82C200C021B3}
	EndGlobalSection
EndGlobal
